
Microsoft Visual Studio Solution File, Format Version 12.00
# Visual Studio Version 17
VisualStudioVersion = 17.0.31903.59
MinimumVisualStudioVersion = 10.0.40219.1
Project("{FAE04EC0-301F-11D3-BF4B-00C04F79EFBC}") = "BuildingAPI", "BuildingAPI\BuildingAPI.csproj", "{72946B11-0A57-416B-9107-15C5EEA83B79}"
EndProject
Project("{FAE04EC0-301F-11D3-BF4B-00C04F79EFBC}") = "ClassroomAPI", "ClassroomAPI\ClassroomAPI.csproj", "{A7FE118E-BDE1-4C8A-9C24-F1B685F9DD5F}"
EndProject
Global
	GlobalSection(SolutionConfigurationPlatforms) = preSolution
		Debug|Any CPU = Debug|Any CPU
		Release|Any CPU = Release|Any CPU
	EndGlobalSection
	GlobalSection(SolutionProperties) = preSolution
		HideSolutionNode = FALSE
	EndGlobalSection
	GlobalSection(ProjectConfigurationPlatforms) = postSolution
		{72946B11-0A57-416B-9107-15C5EEA83B79}.Debug|Any CPU.ActiveCfg = Debug|Any CPU
		{72946B11-0A57-416B-9107-15C5EEA83B79}.Debug|Any CPU.Build.0 = Debug|Any CPU
		{72946B11-0A57-416B-9107-15C5EEA83B79}.Release|Any CPU.ActiveCfg = Release|Any CPU
		{72946B11-0A57-416B-9107-15C5EEA83B79}.Release|Any CPU.Build.0 = Release|Any CPU
		{A7FE118E-BDE1-4C8A-9C24-F1B685F9DD5F}.Debug|Any CPU.ActiveCfg = Debug|Any CPU
		{A7FE118E-BDE1-4C8A-9C24-F1B685F9DD5F}.Debug|Any CPU.Build.0 = Debug|Any CPU
		{A7FE118E-BDE1-4C8A-9C24-F1B685F9DD5F}.Release|Any CPU.ActiveCfg = Release|Any CPU
		{A7FE118E-BDE1-4C8A-9C24-F1B685F9DD5F}.Release|Any CPU.Build.0 = Release|Any CPU
	EndGlobalSection
EndGlobal
